{
  "requires": true,
  "lockfileVersion": 1,
  "dependencies": {
    "maven": {
      "version": "4.5.0",
      "resolved": "https://registry.npmjs.org/maven/-/maven-4.5.0.tgz",
      "integrity": "sha512-K9Jz3sjZuEZm9iDpU/LemXpD6lZna6CUYl3wNEHSBgDOwjwNKWw5f31CmWCmbaQUwNN7YcAbOyOpffUazvLgug=="
    }
  }
}
